
Microsoft Visual Studio Solution File, Format Version 12.00
# Visual Studio Version 16
VisualStudioVersion = 16.0.29926.136
MinimumVisualStudioVersion = 10.0.40219.1
Project("{2150E333-8FDC-42A3-9474-1A3956D46DE8}") = "1.API", "1.API", "{52215E53-2F29-43F9-BB46-25D588DC1664}"
EndProject
Project("{FAE04EC0-301F-11D3-BF4B-00C04F79EFBC}") = "IoTSolution.API.API", "IoTSolution.API\IoTSolution.API.API\IoTSolution.API.API.csproj", "{855E2D6E-BC6B-4534-82ED-26F41A27F602}"
EndProject
Project("{FAE04EC0-301F-11D3-BF4B-00C04F79EFBC}") = "IoTSolution.API.API.Common", "IoTSolution.API\IoTSolution.API.API.Common\IoTSolution.API.API.Common.csproj", "{7DF679E1-D48B-4EA4-AEC6-5461B9EE22CD}"
EndProject
Project("{FAE04EC0-301F-11D3-BF4B-00C04F79EFBC}") = "IoTSolution.API.API.DataContracts", "IoTSolution.API\IoTSolution.API.API.DataContracts\IoTSolution.API.API.DataContracts.csproj", "{9225A95F-B8A7-4BC7-B3D0-8EB49577A856}"
EndProject
Project("{2150E333-8FDC-42A3-9474-1A3956D46DE8}") = "00.Tests", "00.Tests", "{239FF5F7-5B18-472B-8ECC-F21AE6CA6111}"
EndProject
Project("{FAE04EC0-301F-11D3-BF4B-00C04F79EFBC}") = "IoTSolution.API.API.Tests.Controllers", "IoTSolution.API\IoTSolution.API.API.Tests.Controllers\IoTSolution.API.API.Tests.Controllers.csproj", "{5031590F-13EE-421E-8B4F-812080C6FDBE}"
EndProject
Project("{FAE04EC0-301F-11D3-BF4B-00C04F79EFBC}") = "IoTSolution.API.API.Tests.REST", "IoTSolution.API\IoTSolution.API.API.Tests.REST\IoTSolution.API.API.Tests.REST.csproj", "{511E11EC-CE5E-4C83-AA5D-73881C63F8F2}"
EndProject
Project("{2150E333-8FDC-42A3-9474-1A3956D46DE8}") = "01.Common", "01.Common", "{326EC416-D0F7-49B9-9224-DA2E58622F49}"
EndProject
Project("{FAE04EC0-301F-11D3-BF4B-00C04F79EFBC}") = "IoTSolution.API.IoC.Configuration", "IoTSolution.API\IoTSolution.API.IoC.Configuration\IoTSolution.API.IoC.Configuration.csproj", "{69181E95-6DDD-4C5B-800D-F09C375862E9}"
EndProject
Project("{FAE04EC0-301F-11D3-BF4B-00C04F79EFBC}") = "IoTSolution.API.Tools", "IoTSolution.API\IoTSolution.API.Tools\IoTSolution.API.Tools.csproj", "{6AC9178B-817E-496E-AF73-A18B9695BEC8}"
EndProject
Project("{2150E333-8FDC-42A3-9474-1A3956D46DE8}") = "2.Services", "2.Services", "{0B8DA590-2903-45C4-90CD-28B905105CEE}"
EndProject
Project("{FAE04EC0-301F-11D3-BF4B-00C04F79EFBC}") = "IoTSolution.API.Services", "IoTSolution.API\IoTSolution.API.Services\IoTSolution.API.Services.csproj", "{7BEE4F11-A6B2-4D1A-8840-1765F020462E}"
EndProject
Project("{2150E333-8FDC-42A3-9474-1A3956D46DE8}") = "3.Repositories", "3.Repositories", "{52C83F58-0A18-43D0-BE67-C03E00A3597A}"
EndProject
Global
	GlobalSection(SolutionConfigurationPlatforms) = preSolution
		Debug|Any CPU = Debug|Any CPU
		Release|Any CPU = Release|Any CPU
	EndGlobalSection
	GlobalSection(ProjectConfigurationPlatforms) = postSolution
		{855E2D6E-BC6B-4534-82ED-26F41A27F602}.Debug|Any CPU.ActiveCfg = Debug|Any CPU
		{855E2D6E-BC6B-4534-82ED-26F41A27F602}.Debug|Any CPU.Build.0 = Debug|Any CPU
		{855E2D6E-BC6B-4534-82ED-26F41A27F602}.Release|Any CPU.ActiveCfg = Release|Any CPU
		{855E2D6E-BC6B-4534-82ED-26F41A27F602}.Release|Any CPU.Build.0 = Release|Any CPU
		{7DF679E1-D48B-4EA4-AEC6-5461B9EE22CD}.Debug|Any CPU.ActiveCfg = Debug|Any CPU
		{7DF679E1-D48B-4EA4-AEC6-5461B9EE22CD}.Debug|Any CPU.Build.0 = Debug|Any CPU
		{7DF679E1-D48B-4EA4-AEC6-5461B9EE22CD}.Release|Any CPU.ActiveCfg = Release|Any CPU
		{7DF679E1-D48B-4EA4-AEC6-5461B9EE22CD}.Release|Any CPU.Build.0 = Release|Any CPU
		{9225A95F-B8A7-4BC7-B3D0-8EB49577A856}.Debug|Any CPU.ActiveCfg = Debug|Any CPU
		{9225A95F-B8A7-4BC7-B3D0-8EB49577A856}.Debug|Any CPU.Build.0 = Debug|Any CPU
		{9225A95F-B8A7-4BC7-B3D0-8EB49577A856}.Release|Any CPU.ActiveCfg = Release|Any CPU
		{9225A95F-B8A7-4BC7-B3D0-8EB49577A856}.Release|Any CPU.Build.0 = Release|Any CPU
		{5031590F-13EE-421E-8B4F-812080C6FDBE}.Debug|Any CPU.ActiveCfg = Debug|Any CPU
		{5031590F-13EE-421E-8B4F-812080C6FDBE}.Debug|Any CPU.Build.0 = Debug|Any CPU
		{5031590F-13EE-421E-8B4F-812080C6FDBE}.Release|Any CPU.ActiveCfg = Release|Any CPU
		{5031590F-13EE-421E-8B4F-812080C6FDBE}.Release|Any CPU.Build.0 = Release|Any CPU
		{511E11EC-CE5E-4C83-AA5D-73881C63F8F2}.Debug|Any CPU.ActiveCfg = Debug|Any CPU
		{511E11EC-CE5E-4C83-AA5D-73881C63F8F2}.Debug|Any CPU.Build.0 = Debug|Any CPU
		{511E11EC-CE5E-4C83-AA5D-73881C63F8F2}.Release|Any CPU.ActiveCfg = Release|Any CPU
		{511E11EC-CE5E-4C83-AA5D-73881C63F8F2}.Release|Any CPU.Build.0 = Release|Any CPU
		{69181E95-6DDD-4C5B-800D-F09C375862E9}.Debug|Any CPU.ActiveCfg = Debug|Any CPU
		{69181E95-6DDD-4C5B-800D-F09C375862E9}.Debug|Any CPU.Build.0 = Debug|Any CPU
		{69181E95-6DDD-4C5B-800D-F09C375862E9}.Release|Any CPU.ActiveCfg = Release|Any CPU
		{69181E95-6DDD-4C5B-800D-F09C375862E9}.Release|Any CPU.Build.0 = Release|Any CPU
		{6AC9178B-817E-496E-AF73-A18B9695BEC8}.Debug|Any CPU.ActiveCfg = Debug|Any CPU
		{6AC9178B-817E-496E-AF73-A18B9695BEC8}.Debug|Any CPU.Build.0 = Debug|Any CPU
		{6AC9178B-817E-496E-AF73-A18B9695BEC8}.Release|Any CPU.ActiveCfg = Release|Any CPU
		{6AC9178B-817E-496E-AF73-A18B9695BEC8}.Release|Any CPU.Build.0 = Release|Any CPU
		{7BEE4F11-A6B2-4D1A-8840-1765F020462E}.Debug|Any CPU.ActiveCfg = Debug|Any CPU
		{7BEE4F11-A6B2-4D1A-8840-1765F020462E}.Debug|Any CPU.Build.0 = Debug|Any CPU
		{7BEE4F11-A6B2-4D1A-8840-1765F020462E}.Release|Any CPU.ActiveCfg = Release|Any CPU
		{7BEE4F11-A6B2-4D1A-8840-1765F020462E}.Release|Any CPU.Build.0 = Release|Any CPU
	EndGlobalSection
	GlobalSection(SolutionProperties) = preSolution
		HideSolutionNode = FALSE
	EndGlobalSection
	GlobalSection(NestedProjects) = preSolution
		{855E2D6E-BC6B-4534-82ED-26F41A27F602} = {52215E53-2F29-43F9-BB46-25D588DC1664}
		{7DF679E1-D48B-4EA4-AEC6-5461B9EE22CD} = {52215E53-2F29-43F9-BB46-25D588DC1664}
		{9225A95F-B8A7-4BC7-B3D0-8EB49577A856} = {52215E53-2F29-43F9-BB46-25D588DC1664}
		{5031590F-13EE-421E-8B4F-812080C6FDBE} = {239FF5F7-5B18-472B-8ECC-F21AE6CA6111}
		{511E11EC-CE5E-4C83-AA5D-73881C63F8F2} = {239FF5F7-5B18-472B-8ECC-F21AE6CA6111}
		{69181E95-6DDD-4C5B-800D-F09C375862E9} = {326EC416-D0F7-49B9-9224-DA2E58622F49}
		{6AC9178B-817E-496E-AF73-A18B9695BEC8} = {326EC416-D0F7-49B9-9224-DA2E58622F49}
		{7BEE4F11-A6B2-4D1A-8840-1765F020462E} = {0B8DA590-2903-45C4-90CD-28B905105CEE}
	EndGlobalSection
	GlobalSection(ExtensibilityGlobals) = postSolution
		SolutionGuid = {41F37085-1385-430B-9A40-352AE1A662E1}
	EndGlobalSection
EndGlobal
